
Microsoft Visual Studio Solution File, Format Version 12.00
# Visual Studio Version 16
VisualStudioVersion = 16.0.33423.256
MinimumVisualStudioVersion = 10.0.40219.1
Project("{FAE04EC0-301F-11D3-BF4B-00C04F79EFBC}") = "lab2", "lab2\lab2.csproj", "{DF689829-0596-4A2C-B3A4-E7D2EDD70094}"
EndProject
Global
	GlobalSection(SolutionConfigurationPlatforms) = preSolution
		Debug|Any CPU = Debug|Any CPU
		Release|Any CPU = Release|Any CPU
	EndGlobalSection
	GlobalSection(ProjectConfigurationPlatforms) = postSolution
		{DF689829-0596-4A2C-B3A4-E7D2EDD70094}.Debug|Any CPU.ActiveCfg = Debug|Any CPU
		{DF689829-0596-4A2C-B3A4-E7D2EDD70094}.Debug|Any CPU.Build.0 = Debug|Any CPU
		{DF689829-0596-4A2C-B3A4-E7D2EDD70094}.Release|Any CPU.ActiveCfg = Release|Any CPU
		{DF689829-0596-4A2C-B3A4-E7D2EDD70094}.Release|Any CPU.Build.0 = Release|Any CPU
	EndGlobalSection
	GlobalSection(SolutionProperties) = preSolution
		HideSolutionNode = FALSE
	EndGlobalSection
	GlobalSection(ExtensibilityGlobals) = postSolution
		SolutionGuid = {B0F90DB8-17E8-46D0-B8B2-22197A73433B}
	EndGlobalSection
EndGlobal
