
Microsoft Visual Studio Solution File, Format Version 12.00
# Visual Studio Version 16
VisualStudioVersion = 16.0.33529.622
MinimumVisualStudioVersion = 10.0.40219.1
Project("{FAE04EC0-301F-11D3-BF4B-00C04F79EFBC}") = "Problem1(PD)", "Problem1(PD)\Problem1(PD).csproj", "{11E6FEDC-8F2F-4D71-A8A9-64CF79A66B56}"
EndProject
Global
	GlobalSection(SolutionConfigurationPlatforms) = preSolution
		Debug|Any CPU = Debug|Any CPU
		Release|Any CPU = Release|Any CPU
	EndGlobalSection
	GlobalSection(ProjectConfigurationPlatforms) = postSolution
		{11E6FEDC-8F2F-4D71-A8A9-64CF79A66B56}.Debug|Any CPU.ActiveCfg = Debug|Any CPU
		{11E6FEDC-8F2F-4D71-A8A9-64CF79A66B56}.Debug|Any CPU.Build.0 = Debug|Any CPU
		{11E6FEDC-8F2F-4D71-A8A9-64CF79A66B56}.Release|Any CPU.ActiveCfg = Release|Any CPU
		{11E6FEDC-8F2F-4D71-A8A9-64CF79A66B56}.Release|Any CPU.Build.0 = Release|Any CPU
	EndGlobalSection
	GlobalSection(SolutionProperties) = preSolution
		HideSolutionNode = FALSE
	EndGlobalSection
	GlobalSection(ExtensibilityGlobals) = postSolution
		SolutionGuid = {C19AC715-CF7C-455D-9DBA-F865BE5791D8}
	EndGlobalSection
EndGlobal
