
Microsoft Visual Studio Solution File, Format Version 12.00
# Visual Studio Version 16
VisualStudioVersion = 16.0.33529.622
MinimumVisualStudioVersion = 10.0.40219.1
Project("{FAE04EC0-301F-11D3-BF4B-00C04F79EFBC}") = "labtask1", "labtask1\labtask1.csproj", "{17BB1E86-3E06-409D-B070-50C46C1CDAA0}"
EndProject
Global
	GlobalSection(SolutionConfigurationPlatforms) = preSolution
		Debug|Any CPU = Debug|Any CPU
		Release|Any CPU = Release|Any CPU
	EndGlobalSection
	GlobalSection(ProjectConfigurationPlatforms) = postSolution
		{17BB1E86-3E06-409D-B070-50C46C1CDAA0}.Debug|Any CPU.ActiveCfg = Debug|Any CPU
		{17BB1E86-3E06-409D-B070-50C46C1CDAA0}.Debug|Any CPU.Build.0 = Debug|Any CPU
		{17BB1E86-3E06-409D-B070-50C46C1CDAA0}.Release|Any CPU.ActiveCfg = Release|Any CPU
		{17BB1E86-3E06-409D-B070-50C46C1CDAA0}.Release|Any CPU.Build.0 = Release|Any CPU
	EndGlobalSection
	GlobalSection(SolutionProperties) = preSolution
		HideSolutionNode = FALSE
	EndGlobalSection
	GlobalSection(ExtensibilityGlobals) = postSolution
		SolutionGuid = {7BA7E419-6C41-4997-8A52-C05ECA217FF6}
	EndGlobalSection
EndGlobal
